Microsoft Visual Studio Solution File, Format Version 12.00
# Visual Studio 14
Project("{8BC9CEB8-8B4A-11D0-8D11-00A0C91BC942}") = "ALL_BUILD", "ALL_BUILD.vcxproj", "{68905734-F1A9-3C8E-B291-7B33C08A2A31}"
	ProjectSection(ProjectDependencies) = postProject
		{27C1D691-72F2-3215-A105-ECABB5E87885} = {27C1D691-72F2-3215-A105-ECABB5E87885}
		{EA279AFC-044A-3637-AAD5-3547008B5EDC} = {EA279AFC-044A-3637-AAD5-3547008B5EDC}
		{BF3656E4-A1F2-3C90-9560-E47C5759253E} = {BF3656E4-A1F2-3C90-9560-E47C5759253E}
		{8F7768FA-B2DD-3292-84B7-7EDD4DCE24A6} = {8F7768FA-B2DD-3292-84B7-7EDD4DCE24A6}
		{927D769B-A302-307D-8BBD-FE8277B574AD} = {927D769B-A302-307D-8BBD-FE8277B574AD}
		{3674D3D7-314A-3DA2-9314-7DD21FE13C1C} = {3674D3D7-314A-3DA2-9314-7DD21FE13C1C}
		{7F938B71-642A-3E7D-8C95-95C02777FFB7} = {7F938B71-642A-3E7D-8C95-95C02777FFB7}
		{6D7F2B33-16EC-3ED5-A2B0-A99D068858EE} = {6D7F2B33-16EC-3ED5-A2B0-A99D068858EE}
		{7216B2C1-EB64-3C8D-B72D-0AA4BA9DB3B5} = {7216B2C1-EB64-3C8D-B72D-0AA4BA9DB3B5}
		{2E1793F7-29C2-35D9-92D6-5B3D247010EF} = {2E1793F7-29C2-35D9-92D6-5B3D247010EF}
		{167F62A5-8209-3D08-8FF6-344A2C2C4C9F} = {167F62A5-8209-3D08-8FF6-344A2C2C4C9F}
		{DB09CF9D-F429-3423-A2DC-6929D3CF4C67} = {DB09CF9D-F429-3423-A2DC-6929D3CF4C67}
		{0802ACAA-1944-3CFB-B2C5-0D03C528F8B9} = {0802ACAA-1944-3CFB-B2C5-0D03C528F8B9}
		{0597F095-015E-3033-9575-0D21A82BE9AF} = {0597F095-015E-3033-9575-0D21A82BE9AF}
		{49AF010B-C582-368E-8CD7-11F3A7BFF285} = {49AF010B-C582-368E-8CD7-11F3A7BFF285}
		{B0CB41DF-5EBB-3850-BD32-7008E6737EF1} = {B0CB41DF-5EBB-3850-BD32-7008E6737EF1}
		{87081688-32D2-3BFE-ACC7-257EC2551192} = {87081688-32D2-3BFE-ACC7-257EC2551192}
		{5ADE9E09-7728-31DF-AA2B-804A9A713828} = {5ADE9E09-7728-31DF-AA2B-804A9A713828}
		{0A25496C-2EAA-31B9-AD58-0CB9DC2E1C5B} = {0A25496C-2EAA-31B9-AD58-0CB9DC2E1C5B}
		{A4A9D80E-F754-3A25-9BC4-81AE3317677D} = {A4A9D80E-F754-3A25-9BC4-81AE3317677D}
		{9E707F5D-FFD9-3C97-B52F-EB50F87F6F57} = {9E707F5D-FFD9-3C97-B52F-EB50F87F6F57}
		{95226DE9-AA60-3F39-A25B-E3B882F55573} = {95226DE9-AA60-3F39-A25B-E3B882F55573}
	EndProjectSection
EndProject
Project("{8BC9CEB8-8B4A-11D0-8D11-00A0C91BC942}") = "GenError", "extra\GenError.vcxproj", "{27C1D691-72F2-3215-A105-ECABB5E87885}"
	ProjectSection(ProjectDependencies) = postProject
		{8F7768FA-B2DD-3292-84B7-7EDD4DCE24A6} = {8F7768FA-B2DD-3292-84B7-7EDD4DCE24A6}
		{7F938B71-642A-3E7D-8C95-95C02777FFB7} = {7F938B71-642A-3E7D-8C95-95C02777FFB7}
	EndProjectSection
EndProject
Project("{8BC9CEB8-8B4A-11D0-8D11-00A0C91BC942}") = "INFO_BIN", "INFO_BIN.vcxproj", "{EA279AFC-044A-3637-AAD5-3547008B5EDC}"
	ProjectSection(ProjectDependencies) = postProject
		{8F7768FA-B2DD-3292-84B7-7EDD4DCE24A6} = {8F7768FA-B2DD-3292-84B7-7EDD4DCE24A6}
	EndProjectSection
EndProject
Project("{8BC9CEB8-8B4A-11D0-8D11-00A0C91BC942}") = "INFO_SRC", "INFO_SRC.vcxproj", "{BF3656E4-A1F2-3C90-9560-E47C5759253E}"
	ProjectSection(ProjectDependencies) = postProject
		{8F7768FA-B2DD-3292-84B7-7EDD4DCE24A6} = {8F7768FA-B2DD-3292-84B7-7EDD4DCE24A6}
	EndProjectSection
EndProject
Project("{8BC9CEB8-8B4A-11D0-8D11-00A0C91BC942}") = "INSTALL", "INSTALL.vcxproj", "{4D2507D0-8D66-374D-96F9-C487E680118B}"
	ProjectSection(ProjectDependencies) = postProject
		{68905734-F1A9-3C8E-B291-7B33C08A2A31} = {68905734-F1A9-3C8E-B291-7B33C08A2A31}
		{8F7768FA-B2DD-3292-84B7-7EDD4DCE24A6} = {8F7768FA-B2DD-3292-84B7-7EDD4DCE24A6}
	EndProjectSection
EndProject
Project("{8BC9CEB8-8B4A-11D0-8D11-00A0C91BC942}") = "PACKAGE", "PACKAGE.vcxproj", "{585979F7-B466-3FA1-A7FB-5873AE4AA68A}"
	ProjectSection(ProjectDependencies) = postProject
		{68905734-F1A9-3C8E-B291-7B33C08A2A31} = {68905734-F1A9-3C8E-B291-7B33C08A2A31}
		{8F7768FA-B2DD-3292-84B7-7EDD4DCE24A6} = {8F7768FA-B2DD-3292-84B7-7EDD4DCE24A6}
	EndProjectSection
EndProject
Project("{8BC9CEB8-8B4A-11D0-8D11-00A0C91BC942}") = "ZERO_CHECK", "ZERO_CHECK.vcxproj", "{8F7768FA-B2DD-3292-84B7-7EDD4DCE24A6}"
	ProjectSection(ProjectDependencies) = postProject
	EndProjectSection
EndProject
Project("{8BC9CEB8-8B4A-11D0-8D11-00A0C91BC942}") = "auth_win_client", "libmysql\authentication_win\auth_win_client.vcxproj", "{927D769B-A302-307D-8BBD-FE8277B574AD}"
	ProjectSection(ProjectDependencies) = postProject
		{8F7768FA-B2DD-3292-84B7-7EDD4DCE24A6} = {8F7768FA-B2DD-3292-84B7-7EDD4DCE24A6}
	EndProjectSection
EndProject
Project("{8BC9CEB8-8B4A-11D0-8D11-00A0C91BC942}") = "clientlib", "libmysql\clientlib.vcxproj", "{3674D3D7-314A-3DA2-9314-7DD21FE13C1C}"
	ProjectSection(ProjectDependencies) = postProject
		{27C1D691-72F2-3215-A105-ECABB5E87885} = {27C1D691-72F2-3215-A105-ECABB5E87885}
		{8F7768FA-B2DD-3292-84B7-7EDD4DCE24A6} = {8F7768FA-B2DD-3292-84B7-7EDD4DCE24A6}
	EndProjectSection
EndProject
Project("{8BC9CEB8-8B4A-11D0-8D11-00A0C91BC942}") = "comp_err", "extra\comp_err.vcxproj", "{7F938B71-642A-3E7D-8C95-95C02777FFB7}"
	ProjectSection(ProjectDependencies) = postProject
		{8F7768FA-B2DD-3292-84B7-7EDD4DCE24A6} = {8F7768FA-B2DD-3292-84B7-7EDD4DCE24A6}
		{6D7F2B33-16EC-3ED5-A2B0-A99D068858EE} = {6D7F2B33-16EC-3ED5-A2B0-A99D068858EE}
		{0597F095-015E-3033-9575-0D21A82BE9AF} = {0597F095-015E-3033-9575-0D21A82BE9AF}
		{5ADE9E09-7728-31DF-AA2B-804A9A713828} = {5ADE9E09-7728-31DF-AA2B-804A9A713828}
		{0A25496C-2EAA-31B9-AD58-0CB9DC2E1C5B} = {0A25496C-2EAA-31B9-AD58-0CB9DC2E1C5B}
		{9E707F5D-FFD9-3C97-B52F-EB50F87F6F57} = {9E707F5D-FFD9-3C97-B52F-EB50F87F6F57}
		{95226DE9-AA60-3F39-A25B-E3B882F55573} = {95226DE9-AA60-3F39-A25B-E3B882F55573}
	EndProjectSection
EndProject
Project("{8BC9CEB8-8B4A-11D0-8D11-00A0C91BC942}") = "conf_to_src", "strings\conf_to_src.vcxproj", "{AF21C9CA-BD1F-372D-B725-CD435827CAC4}"
	ProjectSection(ProjectDependencies) = postProject
		{8F7768FA-B2DD-3292-84B7-7EDD4DCE24A6} = {8F7768FA-B2DD-3292-84B7-7EDD4DCE24A6}
		{5ADE9E09-7728-31DF-AA2B-804A9A713828} = {5ADE9E09-7728-31DF-AA2B-804A9A713828}
	EndProjectSection
EndProject
Project("{8BC9CEB8-8B4A-11D0-8D11-00A0C91BC942}") = "dbug", "dbug\dbug.vcxproj", "{6D7F2B33-16EC-3ED5-A2B0-A99D068858EE}"
	ProjectSection(ProjectDependencies) = postProject
		{B50435AA-D3AF-30D0-9203-BE8E069AEF91} = {B50435AA-D3AF-30D0-9203-BE8E069AEF91}
	EndProjectSection
EndProject
Project("{8BC9CEB8-8B4A-11D0-8D11-00A0C91BC942}") = "libmysql", "libmysql\libmysql.vcxproj", "{7216B2C1-EB64-3C8D-B72D-0AA4BA9DB3B5}"
	ProjectSection(ProjectDependencies) = postProject
		{8F7768FA-B2DD-3292-84B7-7EDD4DCE24A6} = {8F7768FA-B2DD-3292-84B7-7EDD4DCE24A6}
		{927D769B-A302-307D-8BBD-FE8277B574AD} = {927D769B-A302-307D-8BBD-FE8277B574AD}
		{3674D3D7-314A-3DA2-9314-7DD21FE13C1C} = {3674D3D7-314A-3DA2-9314-7DD21FE13C1C}
		{6D7F2B33-16EC-3ED5-A2B0-A99D068858EE} = {6D7F2B33-16EC-3ED5-A2B0-A99D068858EE}
		{0597F095-015E-3033-9575-0D21A82BE9AF} = {0597F095-015E-3033-9575-0D21A82BE9AF}
		{5ADE9E09-7728-31DF-AA2B-804A9A713828} = {5ADE9E09-7728-31DF-AA2B-804A9A713828}
		{0A25496C-2EAA-31B9-AD58-0CB9DC2E1C5B} = {0A25496C-2EAA-31B9-AD58-0CB9DC2E1C5B}
		{A4A9D80E-F754-3A25-9BC4-81AE3317677D} = {A4A9D80E-F754-3A25-9BC4-81AE3317677D}
		{9E707F5D-FFD9-3C97-B52F-EB50F87F6F57} = {9E707F5D-FFD9-3C97-B52F-EB50F87F6F57}
		{95226DE9-AA60-3F39-A25B-E3B882F55573} = {95226DE9-AA60-3F39-A25B-E3B882F55573}
	EndProjectSection
EndProject
Project("{8BC9CEB8-8B4A-11D0-8D11-00A0C91BC942}") = "libmysql_api_test", "libmysql\libmysql_api_test.vcxproj", "{2E1793F7-29C2-35D9-92D6-5B3D247010EF}"
	ProjectSection(ProjectDependencies) = postProject
		{8F7768FA-B2DD-3292-84B7-7EDD4DCE24A6} = {8F7768FA-B2DD-3292-84B7-7EDD4DCE24A6}
		{7216B2C1-EB64-3C8D-B72D-0AA4BA9DB3B5} = {7216B2C1-EB64-3C8D-B72D-0AA4BA9DB3B5}
	EndProjectSection
EndProject
Project("{8BC9CEB8-8B4A-11D0-8D11-00A0C91BC942}") = "my_print_defaults", "extra\my_print_defaults.vcxproj", "{167F62A5-8209-3D08-8FF6-344A2C2C4C9F}"
	ProjectSection(ProjectDependencies) = postProject
		{8F7768FA-B2DD-3292-84B7-7EDD4DCE24A6} = {8F7768FA-B2DD-3292-84B7-7EDD4DCE24A6}
		{6D7F2B33-16EC-3ED5-A2B0-A99D068858EE} = {6D7F2B33-16EC-3ED5-A2B0-A99D068858EE}
		{0597F095-015E-3033-9575-0D21A82BE9AF} = {0597F095-015E-3033-9575-0D21A82BE9AF}
		{5ADE9E09-7728-31DF-AA2B-804A9A713828} = {5ADE9E09-7728-31DF-AA2B-804A9A713828}
		{0A25496C-2EAA-31B9-AD58-0CB9DC2E1C5B} = {0A25496C-2EAA-31B9-AD58-0CB9DC2E1C5B}
		{9E707F5D-FFD9-3C97-B52F-EB50F87F6F57} = {9E707F5D-FFD9-3C97-B52F-EB50F87F6F57}
		{95226DE9-AA60-3F39-A25B-E3B882F55573} = {95226DE9-AA60-3F39-A25B-E3B882F55573}
	EndProjectSection
EndProject
Project("{8BC9CEB8-8B4A-11D0-8D11-00A0C91BC942}") = "mysql_client_test", "testclients\mysql_client_test.vcxproj", "{DB09CF9D-F429-3423-A2DC-6929D3CF4C67}"
	ProjectSection(ProjectDependencies) = postProject
		{8F7768FA-B2DD-3292-84B7-7EDD4DCE24A6} = {8F7768FA-B2DD-3292-84B7-7EDD4DCE24A6}
		{0802ACAA-1944-3CFB-B2C5-0D03C528F8B9} = {0802ACAA-1944-3CFB-B2C5-0D03C528F8B9}
	EndProjectSection
EndProject
Project("{8BC9CEB8-8B4A-11D0-8D11-00A0C91BC942}") = "mysqlclient", "libmysql\mysqlclient.vcxproj", "{0802ACAA-1944-3CFB-B2C5-0D03C528F8B9}"
	ProjectSection(ProjectDependencies) = postProject
		{8F7768FA-B2DD-3292-84B7-7EDD4DCE24A6} = {8F7768FA-B2DD-3292-84B7-7EDD4DCE24A6}
		{927D769B-A302-307D-8BBD-FE8277B574AD} = {927D769B-A302-307D-8BBD-FE8277B574AD}
		{3674D3D7-314A-3DA2-9314-7DD21FE13C1C} = {3674D3D7-314A-3DA2-9314-7DD21FE13C1C}
		{6D7F2B33-16EC-3ED5-A2B0-A99D068858EE} = {6D7F2B33-16EC-3ED5-A2B0-A99D068858EE}
		{0597F095-015E-3033-9575-0D21A82BE9AF} = {0597F095-015E-3033-9575-0D21A82BE9AF}
		{5ADE9E09-7728-31DF-AA2B-804A9A713828} = {5ADE9E09-7728-31DF-AA2B-804A9A713828}
		{0A25496C-2EAA-31B9-AD58-0CB9DC2E1C5B} = {0A25496C-2EAA-31B9-AD58-0CB9DC2E1C5B}
		{A4A9D80E-F754-3A25-9BC4-81AE3317677D} = {A4A9D80E-F754-3A25-9BC4-81AE3317677D}
		{9E707F5D-FFD9-3C97-B52F-EB50F87F6F57} = {9E707F5D-FFD9-3C97-B52F-EB50F87F6F57}
		{95226DE9-AA60-3F39-A25B-E3B882F55573} = {95226DE9-AA60-3F39-A25B-E3B882F55573}
	EndProjectSection
EndProject
Project("{8BC9CEB8-8B4A-11D0-8D11-00A0C91BC942}") = "mysys", "mysys\mysys.vcxproj", "{B50435AA-D3AF-30D0-9203-BE8E069AEF91}"
	ProjectSection(ProjectDependencies) = postProject
		{8F7768FA-B2DD-3292-84B7-7EDD4DCE24A6} = {8F7768FA-B2DD-3292-84B7-7EDD4DCE24A6}
		{5ADE9E09-7728-31DF-AA2B-804A9A713828} = {5ADE9E09-7728-31DF-AA2B-804A9A713828}
		{95226DE9-AA60-3F39-A25B-E3B882F55573} = {95226DE9-AA60-3F39-A25B-E3B882F55573}
	EndProjectSection
EndProject
Project("{8BC9CEB8-8B4A-11D0-8D11-00A0C91BC942}") = "mysys_ssl", "mysys_ssl\mysys_ssl.vcxproj", "{0597F095-015E-3033-9575-0D21A82BE9AF}"
	ProjectSection(ProjectDependencies) = postProject
		{8F7768FA-B2DD-3292-84B7-7EDD4DCE24A6} = {8F7768FA-B2DD-3292-84B7-7EDD4DCE24A6}
		{6D7F2B33-16EC-3ED5-A2B0-A99D068858EE} = {6D7F2B33-16EC-3ED5-A2B0-A99D068858EE}
		{5ADE9E09-7728-31DF-AA2B-804A9A713828} = {5ADE9E09-7728-31DF-AA2B-804A9A713828}
		{0A25496C-2EAA-31B9-AD58-0CB9DC2E1C5B} = {0A25496C-2EAA-31B9-AD58-0CB9DC2E1C5B}
		{9E707F5D-FFD9-3C97-B52F-EB50F87F6F57} = {9E707F5D-FFD9-3C97-B52F-EB50F87F6F57}
		{95226DE9-AA60-3F39-A25B-E3B882F55573} = {95226DE9-AA60-3F39-A25B-E3B882F55573}
	EndProjectSection
EndProject
Project("{8BC9CEB8-8B4A-11D0-8D11-00A0C91BC942}") = "perror", "extra\perror.vcxproj", "{49AF010B-C582-368E-8CD7-11F3A7BFF285}"
	ProjectSection(ProjectDependencies) = postProject
		{27C1D691-72F2-3215-A105-ECABB5E87885} = {27C1D691-72F2-3215-A105-ECABB5E87885}
		{8F7768FA-B2DD-3292-84B7-7EDD4DCE24A6} = {8F7768FA-B2DD-3292-84B7-7EDD4DCE24A6}
		{6D7F2B33-16EC-3ED5-A2B0-A99D068858EE} = {6D7F2B33-16EC-3ED5-A2B0-A99D068858EE}
		{0597F095-015E-3033-9575-0D21A82BE9AF} = {0597F095-015E-3033-9575-0D21A82BE9AF}
		{5ADE9E09-7728-31DF-AA2B-804A9A713828} = {5ADE9E09-7728-31DF-AA2B-804A9A713828}
		{0A25496C-2EAA-31B9-AD58-0CB9DC2E1C5B} = {0A25496C-2EAA-31B9-AD58-0CB9DC2E1C5B}
		{9E707F5D-FFD9-3C97-B52F-EB50F87F6F57} = {9E707F5D-FFD9-3C97-B52F-EB50F87F6F57}
		{95226DE9-AA60-3F39-A25B-E3B882F55573} = {95226DE9-AA60-3F39-A25B-E3B882F55573}
	EndProjectSection
EndProject
Project("{8BC9CEB8-8B4A-11D0-8D11-00A0C91BC942}") = "regex", "regex\regex.vcxproj", "{B0CB41DF-5EBB-3850-BD32-7008E6737EF1}"
	ProjectSection(ProjectDependencies) = postProject
		{8F7768FA-B2DD-3292-84B7-7EDD4DCE24A6} = {8F7768FA-B2DD-3292-84B7-7EDD4DCE24A6}
	EndProjectSection
EndProject
Project("{8BC9CEB8-8B4A-11D0-8D11-00A0C91BC942}") = "resolveip", "extra\resolveip.vcxproj", "{87081688-32D2-3BFE-ACC7-257EC2551192}"
	ProjectSection(ProjectDependencies) = postProject
		{8F7768FA-B2DD-3292-84B7-7EDD4DCE24A6} = {8F7768FA-B2DD-3292-84B7-7EDD4DCE24A6}
		{6D7F2B33-16EC-3ED5-A2B0-A99D068858EE} = {6D7F2B33-16EC-3ED5-A2B0-A99D068858EE}
		{0597F095-015E-3033-9575-0D21A82BE9AF} = {0597F095-015E-3033-9575-0D21A82BE9AF}
		{5ADE9E09-7728-31DF-AA2B-804A9A713828} = {5ADE9E09-7728-31DF-AA2B-804A9A713828}
		{0A25496C-2EAA-31B9-AD58-0CB9DC2E1C5B} = {0A25496C-2EAA-31B9-AD58-0CB9DC2E1C5B}
		{9E707F5D-FFD9-3C97-B52F-EB50F87F6F57} = {9E707F5D-FFD9-3C97-B52F-EB50F87F6F57}
		{95226DE9-AA60-3F39-A25B-E3B882F55573} = {95226DE9-AA60-3F39-A25B-E3B882F55573}
	EndProjectSection
EndProject
Project("{8BC9CEB8-8B4A-11D0-8D11-00A0C91BC942}") = "strings", "strings\strings.vcxproj", "{5ADE9E09-7728-31DF-AA2B-804A9A713828}"
	ProjectSection(ProjectDependencies) = postProject
		{8F7768FA-B2DD-3292-84B7-7EDD4DCE24A6} = {8F7768FA-B2DD-3292-84B7-7EDD4DCE24A6}
	EndProjectSection
EndProject
Project("{8BC9CEB8-8B4A-11D0-8D11-00A0C91BC942}") = "taocrypt", "extra\yassl\taocrypt\taocrypt.vcxproj", "{0A25496C-2EAA-31B9-AD58-0CB9DC2E1C5B}"
	ProjectSection(ProjectDependencies) = postProject
		{8F7768FA-B2DD-3292-84B7-7EDD4DCE24A6} = {8F7768FA-B2DD-3292-84B7-7EDD4DCE24A6}
	EndProjectSection
EndProject
Project("{8BC9CEB8-8B4A-11D0-8D11-00A0C91BC942}") = "vio", "vio\vio.vcxproj", "{A4A9D80E-F754-3A25-9BC4-81AE3317677D}"
	ProjectSection(ProjectDependencies) = postProject
		{8F7768FA-B2DD-3292-84B7-7EDD4DCE24A6} = {8F7768FA-B2DD-3292-84B7-7EDD4DCE24A6}
	EndProjectSection
EndProject
Project("{8BC9CEB8-8B4A-11D0-8D11-00A0C91BC942}") = "yassl", "extra\yassl\yassl.vcxproj", "{9E707F5D-FFD9-3C97-B52F-EB50F87F6F57}"
	ProjectSection(ProjectDependencies) = postProject
		{8F7768FA-B2DD-3292-84B7-7EDD4DCE24A6} = {8F7768FA-B2DD-3292-84B7-7EDD4DCE24A6}
	EndProjectSection
EndProject
Project("{8BC9CEB8-8B4A-11D0-8D11-00A0C91BC942}") = "zlib", "zlib\zlib.vcxproj", "{95226DE9-AA60-3F39-A25B-E3B882F55573}"
	ProjectSection(ProjectDependencies) = postProject
		{8F7768FA-B2DD-3292-84B7-7EDD4DCE24A6} = {8F7768FA-B2DD-3292-84B7-7EDD4DCE24A6}
	EndProjectSection
EndProject
Global
	GlobalSection(SolutionConfigurationPlatforms) = preSolution
		Debug|Win32 = Debug|Win32
		Release|Win32 = Release|Win32
		MinSizeRel|Win32 = MinSizeRel|Win32
		RelWithDebInfo|Win32 = RelWithDebInfo|Win32
	EndGlobalSection
	GlobalSection(ProjectConfigurationPlatforms) = postSolution
		{68905734-F1A9-3C8E-B291-7B33C08A2A31}.Debug|Win32.ActiveCfg = Debug|Win32
		{68905734-F1A9-3C8E-B291-7B33C08A2A31}.Debug|Win32.Build.0 = Debug|Win32
		{68905734-F1A9-3C8E-B291-7B33C08A2A31}.Release|Win32.ActiveCfg = Release|Win32
		{68905734-F1A9-3C8E-B291-7B33C08A2A31}.Release|Win32.Build.0 = Release|Win32
		{68905734-F1A9-3C8E-B291-7B33C08A2A31}.MinSizeRel|Win32.ActiveCfg = MinSizeRel|Win32
		{68905734-F1A9-3C8E-B291-7B33C08A2A31}.MinSizeRel|Win32.Build.0 = MinSizeRel|Win32
		{68905734-F1A9-3C8E-B291-7B33C08A2A31}.RelWithDebInfo|Win32.ActiveCfg = RelWithDebInfo|Win32
		{68905734-F1A9-3C8E-B291-7B33C08A2A31}.RelWithDebInfo|Win32.Build.0 = RelWithDebInfo|Win32
		{27C1D691-72F2-3215-A105-ECABB5E87885}.Debug|Win32.ActiveCfg = Debug|Win32
		{27C1D691-72F2-3215-A105-ECABB5E87885}.Debug|Win32.Build.0 = Debug|Win32
		{27C1D691-72F2-3215-A105-ECABB5E87885}.Release|Win32.ActiveCfg = Release|Win32
		{27C1D691-72F2-3215-A105-ECABB5E87885}.Release|Win32.Build.0 = Release|Win32
		{27C1D691-72F2-3215-A105-ECABB5E87885}.MinSizeRel|Win32.ActiveCfg = MinSizeRel|Win32
		{27C1D691-72F2-3215-A105-ECABB5E87885}.MinSizeRel|Win32.Build.0 = MinSizeRel|Win32
		{27C1D691-72F2-3215-A105-ECABB5E87885}.RelWithDebInfo|Win32.ActiveCfg = RelWithDebInfo|Win32
		{27C1D691-72F2-3215-A105-ECABB5E87885}.RelWithDebInfo|Win32.Build.0 = RelWithDebInfo|Win32
		{EA279AFC-044A-3637-AAD5-3547008B5EDC}.Debug|Win32.ActiveCfg = Debug|Win32
		{EA279AFC-044A-3637-AAD5-3547008B5EDC}.Debug|Win32.Build.0 = Debug|Win32
		{EA279AFC-044A-3637-AAD5-3547008B5EDC}.Release|Win32.ActiveCfg = Release|Win32
		{EA279AFC-044A-3637-AAD5-3547008B5EDC}.Release|Win32.Build.0 = Release|Win32
		{EA279AFC-044A-3637-AAD5-3547008B5EDC}.MinSizeRel|Win32.ActiveCfg = MinSizeRel|Win32
		{EA279AFC-044A-3637-AAD5-3547008B5EDC}.MinSizeRel|Win32.Build.0 = MinSizeRel|Win32
		{EA279AFC-044A-3637-AAD5-3547008B5EDC}.RelWithDebInfo|Win32.ActiveCfg = RelWithDebInfo|Win32
		{EA279AFC-044A-3637-AAD5-3547008B5EDC}.RelWithDebInfo|Win32.Build.0 = RelWithDebInfo|Win32
		{BF3656E4-A1F2-3C90-9560-E47C5759253E}.Debug|Win32.ActiveCfg = Debug|Win32
		{BF3656E4-A1F2-3C90-9560-E47C5759253E}.Debug|Win32.Build.0 = Debug|Win32
		{BF3656E4-A1F2-3C90-9560-E47C5759253E}.Release|Win32.ActiveCfg = Release|Win32
		{BF3656E4-A1F2-3C90-9560-E47C5759253E}.Release|Win32.Build.0 = Release|Win32
		{BF3656E4-A1F2-3C90-9560-E47C5759253E}.MinSizeRel|Win32.ActiveCfg = MinSizeRel|Win32
		{BF3656E4-A1F2-3C90-9560-E47C5759253E}.MinSizeRel|Win32.Build.0 = MinSizeRel|Win32
		{BF3656E4-A1F2-3C90-9560-E47C5759253E}.RelWithDebInfo|Win32.ActiveCfg = RelWithDebInfo|Win32
		{BF3656E4-A1F2-3C90-9560-E47C5759253E}.RelWithDebInfo|Win32.Build.0 = RelWithDebInfo|Win32
		{4D2507D0-8D66-374D-96F9-C487E680118B}.Debug|Win32.ActiveCfg = Debug|Win32
		{4D2507D0-8D66-374D-96F9-C487E680118B}.Release|Win32.ActiveCfg = Release|Win32
		{4D2507D0-8D66-374D-96F9-C487E680118B}.MinSizeRel|Win32.ActiveCfg = MinSizeRel|Win32
		{4D2507D0-8D66-374D-96F9-C487E680118B}.RelWithDebInfo|Win32.ActiveCfg = RelWithDebInfo|Win32
		{585979F7-B466-3FA1-A7FB-5873AE4AA68A}.Debug|Win32.ActiveCfg = Debug|Win32
		{585979F7-B466-3FA1-A7FB-5873AE4AA68A}.Release|Win32.ActiveCfg = Release|Win32
		{585979F7-B466-3FA1-A7FB-5873AE4AA68A}.MinSizeRel|Win32.ActiveCfg = MinSizeRel|Win32
		{585979F7-B466-3FA1-A7FB-5873AE4AA68A}.RelWithDebInfo|Win32.ActiveCfg = RelWithDebInfo|Win32
		{8F7768FA-B2DD-3292-84B7-7EDD4DCE24A6}.Debug|Win32.ActiveCfg = Debug|Win32
		{8F7768FA-B2DD-3292-84B7-7EDD4DCE24A6}.Debug|Win32.Build.0 = Debug|Win32
		{8F7768FA-B2DD-3292-84B7-7EDD4DCE24A6}.Release|Win32.ActiveCfg = Release|Win32
		{8F7768FA-B2DD-3292-84B7-7EDD4DCE24A6}.Release|Win32.Build.0 = Release|Win32
		{8F7768FA-B2DD-3292-84B7-7EDD4DCE24A6}.MinSizeRel|Win32.ActiveCfg = MinSizeRel|Win32
		{8F7768FA-B2DD-3292-84B7-7EDD4DCE24A6}.MinSizeRel|Win32.Build.0 = MinSizeRel|Win32
		{8F7768FA-B2DD-3292-84B7-7EDD4DCE24A6}.RelWithDebInfo|Win32.ActiveCfg = RelWithDebInfo|Win32
		{8F7768FA-B2DD-3292-84B7-7EDD4DCE24A6}.RelWithDebInfo|Win32.Build.0 = RelWithDebInfo|Win32
		{927D769B-A302-307D-8BBD-FE8277B574AD}.Debug|Win32.ActiveCfg = Debug|Win32
		{927D769B-A302-307D-8BBD-FE8277B574AD}.Debug|Win32.Build.0 = Debug|Win32
		{927D769B-A302-307D-8BBD-FE8277B574AD}.Release|Win32.ActiveCfg = Release|Win32
		{927D769B-A302-307D-8BBD-FE8277B574AD}.Release|Win32.Build.0 = Release|Win32
		{927D769B-A302-307D-8BBD-FE8277B574AD}.MinSizeRel|Win32.ActiveCfg = MinSizeRel|Win32
		{927D769B-A302-307D-8BBD-FE8277B574AD}.MinSizeRel|Win32.Build.0 = MinSizeRel|Win32
		{927D769B-A302-307D-8BBD-FE8277B574AD}.RelWithDebInfo|Win32.ActiveCfg = RelWithDebInfo|Win32
		{927D769B-A302-307D-8BBD-FE8277B574AD}.RelWithDebInfo|Win32.Build.0 = RelWithDebInfo|Win32
		{3674D3D7-314A-3DA2-9314-7DD21FE13C1C}.Debug|Win32.ActiveCfg = Debug|Win32
		{3674D3D7-314A-3DA2-9314-7DD21FE13C1C}.Debug|Win32.Build.0 = Debug|Win32
		{3674D3D7-314A-3DA2-9314-7DD21FE13C1C}.Release|Win32.ActiveCfg = Release|Win32
		{3674D3D7-314A-3DA2-9314-7DD21FE13C1C}.Release|Win32.Build.0 = Release|Win32
		{3674D3D7-314A-3DA2-9314-7DD21FE13C1C}.MinSizeRel|Win32.ActiveCfg = MinSizeRel|Win32
		{3674D3D7-314A-3DA2-9314-7DD21FE13C1C}.MinSizeRel|Win32.Build.0 = MinSizeRel|Win32
		{3674D3D7-314A-3DA2-9314-7DD21FE13C1C}.RelWithDebInfo|Win32.ActiveCfg = RelWithDebInfo|Win32
		{3674D3D7-314A-3DA2-9314-7DD21FE13C1C}.RelWithDebInfo|Win32.Build.0 = RelWithDebInfo|Win32
		{7F938B71-642A-3E7D-8C95-95C02777FFB7}.Debug|Win32.ActiveCfg = Debug|Win32
		{7F938B71-642A-3E7D-8C95-95C02777FFB7}.Debug|Win32.Build.0 = Debug|Win32
		{7F938B71-642A-3E7D-8C95-95C02777FFB7}.Release|Win32.ActiveCfg = Release|Win32
		{7F938B71-642A-3E7D-8C95-95C02777FFB7}.Release|Win32.Build.0 = Release|Win32
		{7F938B71-642A-3E7D-8C95-95C02777FFB7}.MinSizeRel|Win32.ActiveCfg = MinSizeRel|Win32
		{7F938B71-642A-3E7D-8C95-95C02777FFB7}.MinSizeRel|Win32.Build.0 = MinSizeRel|Win32
		{7F938B71-642A-3E7D-8C95-95C02777FFB7}.RelWithDebInfo|Win32.ActiveCfg = RelWithDebInfo|Win32
		{7F938B71-642A-3E7D-8C95-95C02777FFB7}.RelWithDebInfo|Win32.Build.0 = RelWithDebInfo|Win32
		{AF21C9CA-BD1F-372D-B725-CD435827CAC4}.Debug|Win32.ActiveCfg = Debug|Win32
		{AF21C9CA-BD1F-372D-B725-CD435827CAC4}.Debug|Win32.Build.0 = Debug|Win32
		{AF21C9CA-BD1F-372D-B725-CD435827CAC4}.Release|Win32.ActiveCfg = Release|Win32
		{AF21C9CA-BD1F-372D-B725-CD435827CAC4}.Release|Win32.Build.0 = Release|Win32
		{AF21C9CA-BD1F-372D-B725-CD435827CAC4}.MinSizeRel|Win32.ActiveCfg = MinSizeRel|Win32
		{AF21C9CA-BD1F-372D-B725-CD435827CAC4}.MinSizeRel|Win32.Build.0 = MinSizeRel|Win32
		{AF21C9CA-BD1F-372D-B725-CD435827CAC4}.RelWithDebInfo|Win32.ActiveCfg = RelWithDebInfo|Win32
		{AF21C9CA-BD1F-372D-B725-CD435827CAC4}.RelWithDebInfo|Win32.Build.0 = RelWithDebInfo|Win32
		{6D7F2B33-16EC-3ED5-A2B0-A99D068858EE}.Debug|Win32.ActiveCfg = Debug|Win32
		{6D7F2B33-16EC-3ED5-A2B0-A99D068858EE}.Debug|Win32.Build.0 = Debug|Win32
		{6D7F2B33-16EC-3ED5-A2B0-A99D068858EE}.Release|Win32.ActiveCfg = Release|Win32
		{6D7F2B33-16EC-3ED5-A2B0-A99D068858EE}.Release|Win32.Build.0 = Release|Win32
		{6D7F2B33-16EC-3ED5-A2B0-A99D068858EE}.MinSizeRel|Win32.ActiveCfg = MinSizeRel|Win32
		{6D7F2B33-16EC-3ED5-A2B0-A99D068858EE}.MinSizeRel|Win32.Build.0 = MinSizeRel|Win32
		{6D7F2B33-16EC-3ED5-A2B0-A99D068858EE}.RelWithDebInfo|Win32.ActiveCfg = RelWithDebInfo|Win32
		{6D7F2B33-16EC-3ED5-A2B0-A99D068858EE}.RelWithDebInfo|Win32.Build.0 = RelWithDebInfo|Win32
		{7216B2C1-EB64-3C8D-B72D-0AA4BA9DB3B5}.Debug|Win32.ActiveCfg = Debug|Win32
		{7216B2C1-EB64-3C8D-B72D-0AA4BA9DB3B5}.Debug|Win32.Build.0 = Debug|Win32
		{7216B2C1-EB64-3C8D-B72D-0AA4BA9DB3B5}.Release|Win32.ActiveCfg = Release|Win32
		{7216B2C1-EB64-3C8D-B72D-0AA4BA9DB3B5}.Release|Win32.Build.0 = Release|Win32
		{7216B2C1-EB64-3C8D-B72D-0AA4BA9DB3B5}.MinSizeRel|Win32.ActiveCfg = MinSizeRel|Win32
		{7216B2C1-EB64-3C8D-B72D-0AA4BA9DB3B5}.MinSizeRel|Win32.Build.0 = MinSizeRel|Win32
		{7216B2C1-EB64-3C8D-B72D-0AA4BA9DB3B5}.RelWithDebInfo|Win32.ActiveCfg = RelWithDebInfo|Win32
		{7216B2C1-EB64-3C8D-B72D-0AA4BA9DB3B5}.RelWithDebInfo|Win32.Build.0 = RelWithDebInfo|Win32
		{2E1793F7-29C2-35D9-92D6-5B3D247010EF}.Debug|Win32.ActiveCfg = Debug|Win32
		{2E1793F7-29C2-35D9-92D6-5B3D247010EF}.Debug|Win32.Build.0 = Debug|Win32
		{2E1793F7-29C2-35D9-92D6-5B3D247010EF}.Release|Win32.ActiveCfg = Release|Win32
		{2E1793F7-29C2-35D9-92D6-5B3D247010EF}.Release|Win32.Build.0 = Release|Win32
		{2E1793F7-29C2-35D9-92D6-5B3D247010EF}.MinSizeRel|Win32.ActiveCfg = MinSizeRel|Win32
		{2E1793F7-29C2-35D9-92D6-5B3D247010EF}.MinSizeRel|Win32.Build.0 = MinSizeRel|Win32
		{2E1793F7-29C2-35D9-92D6-5B3D247010EF}.RelWithDebInfo|Win32.ActiveCfg = RelWithDebInfo|Win32
		{2E1793F7-29C2-35D9-92D6-5B3D247010EF}.RelWithDebInfo|Win32.Build.0 = RelWithDebInfo|Win32
		{167F62A5-8209-3D08-8FF6-344A2C2C4C9F}.Debug|Win32.ActiveCfg = Debug|Win32
		{167F62A5-8209-3D08-8FF6-344A2C2C4C9F}.Debug|Win32.Build.0 = Debug|Win32
		{167F62A5-8209-3D08-8FF6-344A2C2C4C9F}.Release|Win32.ActiveCfg = Release|Win32
		{167F62A5-8209-3D08-8FF6-344A2C2C4C9F}.Release|Win32.Build.0 = Release|Win32
		{167F62A5-8209-3D08-8FF6-344A2C2C4C9F}.MinSizeRel|Win32.ActiveCfg = MinSizeRel|Win32
		{167F62A5-8209-3D08-8FF6-344A2C2C4C9F}.MinSizeRel|Win32.Build.0 = MinSizeRel|Win32
		{167F62A5-8209-3D08-8FF6-344A2C2C4C9F}.RelWithDebInfo|Win32.ActiveCfg = RelWithDebInfo|Win32
		{167F62A5-8209-3D08-8FF6-344A2C2C4C9F}.RelWithDebInfo|Win32.Build.0 = RelWithDebInfo|Win32
		{DB09CF9D-F429-3423-A2DC-6929D3CF4C67}.Debug|Win32.ActiveCfg = Debug|Win32
		{DB09CF9D-F429-3423-A2DC-6929D3CF4C67}.Debug|Win32.Build.0 = Debug|Win32
		{DB09CF9D-F429-3423-A2DC-6929D3CF4C67}.Release|Win32.ActiveCfg = Release|Win32
		{DB09CF9D-F429-3423-A2DC-6929D3CF4C67}.Release|Win32.Build.0 = Release|Win32
		{DB09CF9D-F429-3423-A2DC-6929D3CF4C67}.MinSizeRel|Win32.ActiveCfg = MinSizeRel|Win32
		{DB09CF9D-F429-3423-A2DC-6929D3CF4C67}.MinSizeRel|Win32.Build.0 = MinSizeRel|Win32
		{DB09CF9D-F429-3423-A2DC-6929D3CF4C67}.RelWithDebInfo|Win32.ActiveCfg = RelWithDebInfo|Win32
		{DB09CF9D-F429-3423-A2DC-6929D3CF4C67}.RelWithDebInfo|Win32.Build.0 = RelWithDebInfo|Win32
		{0802ACAA-1944-3CFB-B2C5-0D03C528F8B9}.Debug|Win32.ActiveCfg = Debug|Win32
		{0802ACAA-1944-3CFB-B2C5-0D03C528F8B9}.Debug|Win32.Build.0 = Debug|Win32
		{0802ACAA-1944-3CFB-B2C5-0D03C528F8B9}.Release|Win32.ActiveCfg = Release|Win32
		{0802ACAA-1944-3CFB-B2C5-0D03C528F8B9}.Release|Win32.Build.0 = Release|Win32
		{0802ACAA-1944-3CFB-B2C5-0D03C528F8B9}.MinSizeRel|Win32.ActiveCfg = MinSizeRel|Win32
		{0802ACAA-1944-3CFB-B2C5-0D03C528F8B9}.MinSizeRel|Win32.Build.0 = MinSizeRel|Win32
		{0802ACAA-1944-3CFB-B2C5-0D03C528F8B9}.RelWithDebInfo|Win32.ActiveCfg = RelWithDebInfo|Win32
		{0802ACAA-1944-3CFB-B2C5-0D03C528F8B9}.RelWithDebInfo|Win32.Build.0 = RelWithDebInfo|Win32
		{B50435AA-D3AF-30D0-9203-BE8E069AEF91}.Debug|Win32.ActiveCfg = Debug|Win32
		{B50435AA-D3AF-30D0-9203-BE8E069AEF91}.Debug|Win32.Build.0 = Debug|Win32
		{B50435AA-D3AF-30D0-9203-BE8E069AEF91}.Release|Win32.ActiveCfg = Release|Win32
		{B50435AA-D3AF-30D0-9203-BE8E069AEF91}.Release|Win32.Build.0 = Release|Win32
		{B50435AA-D3AF-30D0-9203-BE8E069AEF91}.MinSizeRel|Win32.ActiveCfg = MinSizeRel|Win32
		{B50435AA-D3AF-30D0-9203-BE8E069AEF91}.MinSizeRel|Win32.Build.0 = MinSizeRel|Win32
		{B50435AA-D3AF-30D0-9203-BE8E069AEF91}.RelWithDebInfo|Win32.ActiveCfg = RelWithDebInfo|Win32
		{B50435AA-D3AF-30D0-9203-BE8E069AEF91}.RelWithDebInfo|Win32.Build.0 = RelWithDebInfo|Win32
		{0597F095-015E-3033-9575-0D21A82BE9AF}.Debug|Win32.ActiveCfg = Debug|Win32
		{0597F095-015E-3033-9575-0D21A82BE9AF}.Debug|Win32.Build.0 = Debug|Win32
		{0597F095-015E-3033-9575-0D21A82BE9AF}.Release|Win32.ActiveCfg = Release|Win32
		{0597F095-015E-3033-9575-0D21A82BE9AF}.Release|Win32.Build.0 = Release|Win32
		{0597F095-015E-3033-9575-0D21A82BE9AF}.MinSizeRel|Win32.ActiveCfg = MinSizeRel|Win32
		{0597F095-015E-3033-9575-0D21A82BE9AF}.MinSizeRel|Win32.Build.0 = MinSizeRel|Win32
		{0597F095-015E-3033-9575-0D21A82BE9AF}.RelWithDebInfo|Win32.ActiveCfg = RelWithDebInfo|Win32
		{0597F095-015E-3033-9575-0D21A82BE9AF}.RelWithDebInfo|Win32.Build.0 = RelWithDebInfo|Win32
		{49AF010B-C582-368E-8CD7-11F3A7BFF285}.Debug|Win32.ActiveCfg = Debug|Win32
		{49AF010B-C582-368E-8CD7-11F3A7BFF285}.Debug|Win32.Build.0 = Debug|Win32
		{49AF010B-C582-368E-8CD7-11F3A7BFF285}.Release|Win32.ActiveCfg = Release|Win32
		{49AF010B-C582-368E-8CD7-11F3A7BFF285}.Release|Win32.Build.0 = Release|Win32
		{49AF010B-C582-368E-8CD7-11F3A7BFF285}.MinSizeRel|Win32.ActiveCfg = MinSizeRel|Win32
		{49AF010B-C582-368E-8CD7-11F3A7BFF285}.MinSizeRel|Win32.Build.0 = MinSizeRel|Win32
		{49AF010B-C582-368E-8CD7-11F3A7BFF285}.RelWithDebInfo|Win32.ActiveCfg = RelWithDebInfo|Win32
		{49AF010B-C582-368E-8CD7-11F3A7BFF285}.RelWithDebInfo|Win32.Build.0 = RelWithDebInfo|Win32
		{B0CB41DF-5EBB-3850-BD32-7008E6737EF1}.Debug|Win32.ActiveCfg = Debug|Win32
		{B0CB41DF-5EBB-3850-BD32-7008E6737EF1}.Debug|Win32.Build.0 = Debug|Win32
		{B0CB41DF-5EBB-3850-BD32-7008E6737EF1}.Release|Win32.ActiveCfg = Release|Win32
		{B0CB41DF-5EBB-3850-BD32-7008E6737EF1}.Release|Win32.Build.0 = Release|Win32
		{B0CB41DF-5EBB-3850-BD32-7008E6737EF1}.MinSizeRel|Win32.ActiveCfg = MinSizeRel|Win32
		{B0CB41DF-5EBB-3850-BD32-7008E6737EF1}.MinSizeRel|Win32.Build.0 = MinSizeRel|Win32
		{B0CB41DF-5EBB-3850-BD32-7008E6737EF1}.RelWithDebInfo|Win32.ActiveCfg = RelWithDebInfo|Win32
		{B0CB41DF-5EBB-3850-BD32-7008E6737EF1}.RelWithDebInfo|Win32.Build.0 = RelWithDebInfo|Win32
		{87081688-32D2-3BFE-ACC7-257EC2551192}.Debug|Win32.ActiveCfg = Debug|Win32
		{87081688-32D2-3BFE-ACC7-257EC2551192}.Debug|Win32.Build.0 = Debug|Win32
		{87081688-32D2-3BFE-ACC7-257EC2551192}.Release|Win32.ActiveCfg = Release|Win32
		{87081688-32D2-3BFE-ACC7-257EC2551192}.Release|Win32.Build.0 = Release|Win32
		{87081688-32D2-3BFE-ACC7-257EC2551192}.MinSizeRel|Win32.ActiveCfg = MinSizeRel|Win32
		{87081688-32D2-3BFE-ACC7-257EC2551192}.MinSizeRel|Win32.Build.0 = MinSizeRel|Win32
		{87081688-32D2-3BFE-ACC7-257EC2551192}.RelWithDebInfo|Win32.ActiveCfg = RelWithDebInfo|Win32
		{87081688-32D2-3BFE-ACC7-257EC2551192}.RelWithDebInfo|Win32.Build.0 = RelWithDebInfo|Win32
		{5ADE9E09-7728-31DF-AA2B-804A9A713828}.Debug|Win32.ActiveCfg = Debug|Win32
		{5ADE9E09-7728-31DF-AA2B-804A9A713828}.Debug|Win32.Build.0 = Debug|Win32
		{5ADE9E09-7728-31DF-AA2B-804A9A713828}.Release|Win32.ActiveCfg = Release|Win32
		{5ADE9E09-7728-31DF-AA2B-804A9A713828}.Release|Win32.Build.0 = Release|Win32
		{5ADE9E09-7728-31DF-AA2B-804A9A713828}.MinSizeRel|Win32.ActiveCfg = MinSizeRel|Win32
		{5ADE9E09-7728-31DF-AA2B-804A9A713828}.MinSizeRel|Win32.Build.0 = MinSizeRel|Win32
		{5ADE9E09-7728-31DF-AA2B-804A9A713828}.RelWithDebInfo|Win32.ActiveCfg = RelWithDebInfo|Win32
		{5ADE9E09-7728-31DF-AA2B-804A9A713828}.RelWithDebInfo|Win32.Build.0 = RelWithDebInfo|Win32
		{0A25496C-2EAA-31B9-AD58-0CB9DC2E1C5B}.Debug|Win32.ActiveCfg = Debug|Win32
		{0A25496C-2EAA-31B9-AD58-0CB9DC2E1C5B}.Debug|Win32.Build.0 = Debug|Win32
		{0A25496C-2EAA-31B9-AD58-0CB9DC2E1C5B}.Release|Win32.ActiveCfg = Release|Win32
		{0A25496C-2EAA-31B9-AD58-0CB9DC2E1C5B}.Release|Win32.Build.0 = Release|Win32
		{0A25496C-2EAA-31B9-AD58-0CB9DC2E1C5B}.MinSizeRel|Win32.ActiveCfg = MinSizeRel|Win32
		{0A25496C-2EAA-31B9-AD58-0CB9DC2E1C5B}.MinSizeRel|Win32.Build.0 = MinSizeRel|Win32
		{0A25496C-2EAA-31B9-AD58-0CB9DC2E1C5B}.RelWithDebInfo|Win32.ActiveCfg = RelWithDebInfo|Win32
		{0A25496C-2EAA-31B9-AD58-0CB9DC2E1C5B}.RelWithDebInfo|Win32.Build.0 = RelWithDebInfo|Win32
		{A4A9D80E-F754-3A25-9BC4-81AE3317677D}.Debug|Win32.ActiveCfg = Debug|Win32
		{A4A9D80E-F754-3A25-9BC4-81AE3317677D}.Debug|Win32.Build.0 = Debug|Win32
		{A4A9D80E-F754-3A25-9BC4-81AE3317677D}.Release|Win32.ActiveCfg = Release|Win32
		{A4A9D80E-F754-3A25-9BC4-81AE3317677D}.Release|Win32.Build.0 = Release|Win32
		{A4A9D80E-F754-3A25-9BC4-81AE3317677D}.MinSizeRel|Win32.ActiveCfg = MinSizeRel|Win32
		{A4A9D80E-F754-3A25-9BC4-81AE3317677D}.MinSizeRel|Win32.Build.0 = MinSizeRel|Win32
		{A4A9D80E-F754-3A25-9BC4-81AE3317677D}.RelWithDebInfo|Win32.ActiveCfg = RelWithDebInfo|Win32
		{A4A9D80E-F754-3A25-9BC4-81AE3317677D}.RelWithDebInfo|Win32.Build.0 = RelWithDebInfo|Win32
		{9E707F5D-FFD9-3C97-B52F-EB50F87F6F57}.Debug|Win32.ActiveCfg = Debug|Win32
		{9E707F5D-FFD9-3C97-B52F-EB50F87F6F57}.Debug|Win32.Build.0 = Debug|Win32
		{9E707F5D-FFD9-3C97-B52F-EB50F87F6F57}.Release|Win32.ActiveCfg = Release|Win32
		{9E707F5D-FFD9-3C97-B52F-EB50F87F6F57}.Release|Win32.Build.0 = Release|Win32
		{9E707F5D-FFD9-3C97-B52F-EB50F87F6F57}.MinSizeRel|Win32.ActiveCfg = MinSizeRel|Win32
		{9E707F5D-FFD9-3C97-B52F-EB50F87F6F57}.MinSizeRel|Win32.Build.0 = MinSizeRel|Win32
		{9E707F5D-FFD9-3C97-B52F-EB50F87F6F57}.RelWithDebInfo|Win32.ActiveCfg = RelWithDebInfo|Win32
		{9E707F5D-FFD9-3C97-B52F-EB50F87F6F57}.RelWithDebInfo|Win32.Build.0 = RelWithDebInfo|Win32
		{95226DE9-AA60-3F39-A25B-E3B882F55573}.Debug|Win32.ActiveCfg = Debug|Win32
		{95226DE9-AA60-3F39-A25B-E3B882F55573}.Debug|Win32.Build.0 = Debug|Win32
		{95226DE9-AA60-3F39-A25B-E3B882F55573}.Release|Win32.ActiveCfg = Release|Win32
		{95226DE9-AA60-3F39-A25B-E3B882F55573}.Release|Win32.Build.0 = Release|Win32
		{95226DE9-AA60-3F39-A25B-E3B882F55573}.MinSizeRel|Win32.ActiveCfg = MinSizeRel|Win32
		{95226DE9-AA60-3F39-A25B-E3B882F55573}.MinSizeRel|Win32.Build.0 = MinSizeRel|Win32
		{95226DE9-AA60-3F39-A25B-E3B882F55573}.RelWithDebInfo|Win32.ActiveCfg = RelWithDebInfo|Win32
		{95226DE9-AA60-3F39-A25B-E3B882F55573}.RelWithDebInfo|Win32.Build.0 = RelWithDebInfo|Win32
	EndGlobalSection
	GlobalSection(ExtensibilityGlobals) = postSolution
	EndGlobalSection
	GlobalSection(ExtensibilityAddIns) = postSolution
	EndGlobalSection
EndGlobal
